
Microsoft Visual Studio Solution File, Format Version 12.00
# Visual Studio Version 16
VisualStudioVersion = 16.0.31729.503
MinimumVisualStudioVersion = 10.0.40219.1
Project("{FAE04EC0-301F-11D3-BF4B-00C04F79EFBC}") = "MoodAnalyzerProblem", "MoodAnalyzerProblem\MoodAnalyzerProblem.csproj", "{6C18FC0B-5C49-4FE3-88FC-CFD55F54A179}"
EndProject
Project("{FAE04EC0-301F-11D3-BF4B-00C04F79EFBC}") = "MoodAnalyserTestDdemo", "MoodAnalyserTestDdemo\MoodAnalyserTestDdemo.csproj", "{1F79EF41-DABA-4341-8B2F-690043D8A41F}"
EndProject
Global
	GlobalSection(SolutionConfigurationPlatforms) = preSolution
		Debug|Any CPU = Debug|Any CPU
		Release|Any CPU = Release|Any CPU
	EndGlobalSection
	GlobalSection(ProjectConfigurationPlatforms) = postSolution
		{6C18FC0B-5C49-4FE3-88FC-CFD55F54A179}.Debug|Any CPU.ActiveCfg = Debug|Any CPU
		{6C18FC0B-5C49-4FE3-88FC-CFD55F54A179}.Debug|Any CPU.Build.0 = Debug|Any CPU
		{6C18FC0B-5C49-4FE3-88FC-CFD55F54A179}.Release|Any CPU.ActiveCfg = Release|Any CPU
		{6C18FC0B-5C49-4FE3-88FC-CFD55F54A179}.Release|Any CPU.Build.0 = Release|Any CPU
		{1F79EF41-DABA-4341-8B2F-690043D8A41F}.Debug|Any CPU.ActiveCfg = Debug|Any CPU
		{1F79EF41-DABA-4341-8B2F-690043D8A41F}.Debug|Any CPU.Build.0 = Debug|Any CPU
		{1F79EF41-DABA-4341-8B2F-690043D8A41F}.Release|Any CPU.ActiveCfg = Release|Any CPU
		{1F79EF41-DABA-4341-8B2F-690043D8A41F}.Release|Any CPU.Build.0 = Release|Any CPU
	EndGlobalSection
	GlobalSection(SolutionProperties) = preSolution
		HideSolutionNode = FALSE
	EndGlobalSection
	GlobalSection(ExtensibilityGlobals) = postSolution
		SolutionGuid = {1261015C-2EDC-4155-A59C-B6E6846E4A4D}
	EndGlobalSection
EndGlobal
