
Microsoft Visual Studio Solution File, Format Version 12.00
# Visual Studio Version 16
VisualStudioVersion = 16.0.31729.503
MinimumVisualStudioVersion = 10.0.40219.1
Project("{9A19103F-16F7-4668-BE54-9A1E7A4F7556}") = "MoodAnalyserUC1refactor", "MoodAnalyserUC1refactor\MoodAnalyserUC1refactor.csproj", "{B50CC762-FAFE-49CF-9ACD-D6BCE07D428E}"
EndProject
Project("{FAE04EC0-301F-11D3-BF4B-00C04F79EFBC}") = "TesterUC2", "TesterUC2\TesterUC2.csproj", "{039B0700-C703-4062-BEF0-0543E30D0C6B}"
EndProject
Global
	GlobalSection(SolutionConfigurationPlatforms) = preSolution
		Debug|Any CPU = Debug|Any CPU
		Release|Any CPU = Release|Any CPU
	EndGlobalSection
	GlobalSection(ProjectConfigurationPlatforms) = postSolution
		{B50CC762-FAFE-49CF-9ACD-D6BCE07D428E}.Debug|Any CPU.ActiveCfg = Debug|Any CPU
		{B50CC762-FAFE-49CF-9ACD-D6BCE07D428E}.Debug|Any CPU.Build.0 = Debug|Any CPU
		{B50CC762-FAFE-49CF-9ACD-D6BCE07D428E}.Release|Any CPU.ActiveCfg = Release|Any CPU
		{B50CC762-FAFE-49CF-9ACD-D6BCE07D428E}.Release|Any CPU.Build.0 = Release|Any CPU
		{039B0700-C703-4062-BEF0-0543E30D0C6B}.Debug|Any CPU.ActiveCfg = Debug|Any CPU
		{039B0700-C703-4062-BEF0-0543E30D0C6B}.Debug|Any CPU.Build.0 = Debug|Any CPU
		{039B0700-C703-4062-BEF0-0543E30D0C6B}.Release|Any CPU.ActiveCfg = Release|Any CPU
		{039B0700-C703-4062-BEF0-0543E30D0C6B}.Release|Any CPU.Build.0 = Release|Any CPU
	EndGlobalSection
	GlobalSection(SolutionProperties) = preSolution
		HideSolutionNode = FALSE
	EndGlobalSection
	GlobalSection(ExtensibilityGlobals) = postSolution
		SolutionGuid = {BFE5DA30-998D-47B4-87E0-FA94CA615EF3}
	EndGlobalSection
EndGlobal
